
Microsoft Visual Studio Solution File, Format Version 12.00
# Visual Studio 14
VisualStudioVersion = 14.0.25420.1
MinimumVisualStudioVersion = 10.0.40219.1
Project("{FAE04EC0-301F-11D3-BF4B-00C04F79EFBC}") = "Shuttle.Esb.Tools.EnqueueMessage", "Shuttle.Esb.Tools.EnqueueMessage\Shuttle.Esb.Tools.EnqueueMessage.csproj", "{4F963F69-9CD7-4B4D-A779-D3CBEF8BE82C}"
EndProject
Project("{2150E333-8FDC-42A3-9474-1A3956D46DE8}") = "Solution Items", "Solution Items", "{575B46E5-5E56-44EC-A077-A28FD7D77348}"
	ProjectSection(SolutionItems) = preProject
		README.md = README.md
	EndProjectSection
EndProject
Project("{2150E333-8FDC-42A3-9474-1A3956D46DE8}") = ".build", ".build", "{34FE297D-2DBC-485A-A88C-2F7893D1D3C2}"
	ProjectSection(SolutionItems) = preProject
		.build\package.msbuild = .build\package.msbuild
		.build\Shuttle.Core.MSBuild.dll = .build\Shuttle.Core.MSBuild.dll
		.build\Shuttle.Core.MSBuild.targets = .build\Shuttle.Core.MSBuild.targets
	EndProjectSection
EndProject
Global
	GlobalSection(SolutionConfigurationPlatforms) = preSolution
		Debug|Any CPU = Debug|Any CPU
		Release|Any CPU = Release|Any CPU
	EndGlobalSection
	GlobalSection(ProjectConfigurationPlatforms) = postSolution
		{4F963F69-9CD7-4B4D-A779-D3CBEF8BE82C}.Debug|Any CPU.ActiveCfg = Debug|Any CPU
		{4F963F69-9CD7-4B4D-A779-D3CBEF8BE82C}.Debug|Any CPU.Build.0 = Debug|Any CPU
		{4F963F69-9CD7-4B4D-A779-D3CBEF8BE82C}.Release|Any CPU.ActiveCfg = Release|Any CPU
		{4F963F69-9CD7-4B4D-A779-D3CBEF8BE82C}.Release|Any CPU.Build.0 = Release|Any CPU
	EndGlobalSection
	GlobalSection(SolutionProperties) = preSolution
		HideSolutionNode = FALSE
	EndGlobalSection
EndGlobal
